// !$*UTF8*$!
{
	archiveVersion = 1;
	classes = {
	};
	objectVersion = 56;
	objects = {

/* Begin PBXBuildFile section */
		3E5A45D52FFDF66A007146AF /* PrivacyInfo.xcprivacy in Resources */ = {isa = PBXBuildFile; fileRef = 3E5A45D22FFDF66A007146AF /* PrivacyInfo.xcprivacy */; };
		3E5A45D62FFDF66A007146AF /* Products.storekit in Resources */ = {isa = PBXBuildFile; fileRef = 3E5A45D32FFDF66A007146AF /* Products.storekit */; };
		3E5A45D72FFDF66A007146AF /* AdManager.swift in Sources */ = {isa = PBXBuildFile; fileRef = 3E5A45D02FFDF66A007146AF /* AdManager.swift */; };
		3E5A45D82FFDF66A007146AF /* SubscriptionManager.swift in Sources */ = {isa = PBXBuildFile; fileRef = 3E5A45D42FFDF66A007146AF /* SubscriptionManager.swift */; };
		3E5A45D92FFDF66A007146AF /* PaywallView.swift in Sources */ = {isa = PBXBuildFile; fileRef = 3E5A45D12FFDF66A007146AF /* PaywallView.swift */; };
		AAAA0000000000000000010C /* SplitXApp.swift in Sources */ = {isa = PBXBuildFile; fileRef = AAAA00000000000000000200 /* SplitXApp.swift */; };
		AAAA0000000000000000010D /* ContentView.swift in Sources */ = {isa = PBXBuildFile; fileRef = AAAA00000000000000000201 /* ContentView.swift */; };
		AAAA0000000000000000010E /* Models.swift in Sources */ = {isa = PBXBuildFile; fileRef = AAAA00000000000000000202 /* Models.swift */; };
		AAAA0000000000000000010F /* SupabaseService.swift in Sources */ = {isa = PBXBuildFile; fileRef = AAAA00000000000000000203 /* SupabaseService.swift */; };
		AAAA00000000000000000110 /* AuthViewModel.swift in Sources */ = {isa = PBXBuildFile; fileRef = AAAA00000000000000000204 /* AuthViewModel.swift */; };
		AAAA00000000000000000111 /* AppViewModel.swift in Sources */ = {isa = PBXBuildFile; fileRef = AAAA00000000000000000205 /* AppViewModel.swift */; };
		AAAA00000000000000000112 /* LoginView.swift in Sources */ = {isa = PBXBuildFile; fileRef = AAAA00000000000000000206 /* LoginView.swift */; };
		AAAA00000000000000000113 /* DashboardView.swift in Sources */ = {isa = PBXBuildFile; fileRef = AAAA00000000000000000207 /* DashboardView.swift */; };
		AAAA00000000000000000114 /* TransactionFormView.swift in Sources */ = {isa = PBXBuildFile; fileRef = AAAA00000000000000000208 /* TransactionFormView.swift */; };
		AAAA00000000000000000115 /* SettingsView.swift in Sources */ = {isa = PBXBuildFile; fileRef = AAAA00000000000000000209 /* SettingsView.swift */; };
		AAAA00000000000000000116 /* TransactionRow.swift in Sources */ = {isa = PBXBuildFile; fileRef = AAAA0000000000000000020A /* TransactionRow.swift */; };
		AAAA00000000000000000117 /* Assets.xcassets in Resources */ = {isa = PBXBuildFile; fileRef = AAAA0000000000000000020B /* Assets.xcassets */; };
		AAAA00000000000000000118 /* Supabase in Frameworks */ = {isa = PBXBuildFile; productRef = AAAA00000000000000000701 /* Supabase */; };
		AAAA00000000000000000119 /* GroupSettingsView.swift in Sources */ = {isa = PBXBuildFile; fileRef = AAAA0000000000000000020E /* GroupSettingsView.swift */; };
		AAAA0000000000000000011A /* NotificationManager.swift in Sources */ = {isa = PBXBuildFile; fileRef = AAAA0000000000000000020F /* NotificationManager.swift */; };
		AAAA0000000000000000011B /* NetworkMonitor.swift in Sources */ = {isa = PBXBuildFile; fileRef = AAAA00000000000000000211 /* NetworkMonitor.swift */; };
/* End PBXBuildFile section */

/* Begin PBXFileReference section */
		3E5A45D02FFDF66A007146AF /* AdManager.swift */ = {isa = PBXFileReference; lastKnownFileType = sourcecode.swift; path = AdManager.swift; sourceTree = "<group>"; };
		3E5A45D12FFDF66A007146AF /* PaywallView.swift */ = {isa = PBXFileReference; lastKnownFileType = sourcecode.swift; path = PaywallView.swift; sourceTree = "<group>"; };
		3E5A45D22FFDF66A007146AF /* PrivacyInfo.xcprivacy */ = {isa = PBXFileReference; lastKnownFileType = text.xml; path = PrivacyInfo.xcprivacy; sourceTree = "<group>"; };
		3E5A45D32FFDF66A007146AF /* Products.storekit */ = {isa = PBXFileReference; lastKnownFileType = text; path = Products.storekit; sourceTree = "<group>"; };
		3E5A45D42FFDF66A007146AF /* SubscriptionManager.swift */ = {isa = PBXFileReference; lastKnownFileType = sourcecode.swift; path = SubscriptionManager.swift; sourceTree = "<group>"; };
		AAAA00000000000000000200 /* SplitXApp.swift */ = {isa = PBXFileReference; lastKnownFileType = sourcecode.swift; path = SplitXApp.swift; sourceTree = "<group>"; };
		AAAA00000000000000000201 /* ContentView.swift */ = {isa = PBXFileReference; lastKnownFileType = sourcecode.swift; path = ContentView.swift; sourceTree = "<group>"; };
		AAAA00000000000000000202 /* Models.swift */ = {isa = PBXFileReference; lastKnownFileType = sourcecode.swift; path = Models.swift; sourceTree = "<group>"; };
		AAAA00000000000000000203 /* SupabaseService.swift */ = {isa = PBXFileReference; lastKnownFileType = sourcecode.swift; path = SupabaseService.swift; sourceTree = "<group>"; };
		AAAA00000000000000000204 /* AuthViewModel.swift */ = {isa = PBXFileReference; lastKnownFileType = sourcecode.swift; path = AuthViewModel.swift; sourceTree = "<group>"; };
		AAAA00000000000000000205 /* AppViewModel.swift */ = {isa = PBXFileReference; lastKnownFileType = sourcecode.swift; path = AppViewModel.swift; sourceTree = "<group>"; };
		AAAA00000000000000000206 /* LoginView.swift */ = {isa = PBXFileReference; lastKnownFileType = sourcecode.swift; path = LoginView.swift; sourceTree = "<group>"; };
		AAAA00000000000000000207 /* DashboardView.swift */ = {isa = PBXFileReference; lastKnownFileType = sourcecode.swift; path = DashboardView.swift; sourceTree = "<group>"; };
		AAAA00000000000000000208 /* TransactionFormView.swift */ = {isa = PBXFileReference; lastKnownFileType = sourcecode.swift; path = TransactionFormView.swift; sourceTree = "<group>"; };
		AAAA00000000000000000209 /* SettingsView.swift */ = {isa = PBXFileReference; lastKnownFileType = sourcecode.swift; path = SettingsView.swift; sourceTree = "<group>"; };
		AAAA0000000000000000020A /* TransactionRow.swift */ = {isa = PBXFileReference; lastKnownFileType = sourcecode.swift; path = TransactionRow.swift; sourceTree = "<group>"; };
		AAAA0000000000000000020B /* Assets.xcassets */ = {isa = PBXFileReference; lastKnownFileType = folder.assetcatalog; path = Assets.xcassets; sourceTree = "<group>"; };
		AAAA0000000000000000020C /* Info.plist */ = {isa = PBXFileReference; lastKnownFileType = text.plist.xml; path = Info.plist; sourceTree = "<group>"; };
		AAAA0000000000000000020D /* SplitX.app */ = {isa = PBXFileReference; explicitFileType = wrapper.application; includeInIndex = 0; path = SplitX.app; sourceTree = BUILT_PRODUCTS_DIR; };
		AAAA0000000000000000020E /* GroupSettingsView.swift */ = {isa = PBXFileReference; lastKnownFileType = sourcecode.swift; path = GroupSettingsView.swift; sourceTree = "<group>"; };
		AAAA0000000000000000020F /* NotificationManager.swift */ = {isa = PBXFileReference; lastKnownFileType = sourcecode.swift; path = NotificationManager.swift; sourceTree = "<group>"; };
		AAAA00000000000000000210 /* SplitX.entitlements */ = {isa = PBXFileReference; lastKnownFileType = text.plist.entitlements; path = SplitX.entitlements; sourceTree = "<group>"; };
		AAAA00000000000000000211 /* NetworkMonitor.swift */ = {isa = PBXFileReference; lastKnownFileType = sourcecode.swift; path = NetworkMonitor.swift; sourceTree = "<group>"; };
/* End PBXFileReference section */

/* Begin PBXFrameworksBuildPhase section */
		AAAA00000000000000000300 /* Frameworks */ = {
			isa = PBXFrameworksBuildPhase;
			buildActionMask = 2147483647;
			files = (
				AAAA00000000000000000118 /* Supabase in Frameworks */,
			);
			runOnlyForDeploymentPostprocessing = 0;
		};
/* End PBXFrameworksBuildPhase section */

/* Begin PBXGroup section */
		AAAA00000000000000000400 = {
			isa = PBXGroup;
			children = (
				AAAA00000000000000000402 /* SplitX */,
				AAAA00000000000000000401 /* Products */,
			);
			sourceTree = "<group>";
		};
		AAAA00000000000000000401 /* Products */ = {
			isa = PBXGroup;
			children = (
				AAAA0000000000000000020D /* SplitX.app */,
			);
			name = Products;
			sourceTree = "<group>";
		};
		AAAA00000000000000000402 /* SplitX */ = {
			isa = PBXGroup;
			children = (
				3E5A45D02FFDF66A007146AF /* AdManager.swift */,
				3E5A45D12FFDF66A007146AF /* PaywallView.swift */,
				3E5A45D22FFDF66A007146AF /* PrivacyInfo.xcprivacy */,
				3E5A45D32FFDF66A007146AF /* Products.storekit */,
				3E5A45D42FFDF66A007146AF /* SubscriptionManager.swift */,
				AAAA00000000000000000200 /* SplitXApp.swift */,
				AAAA00000000000000000201 /* ContentView.swift */,
				AAAA00000000000000000202 /* Models.swift */,
				AAAA00000000000000000203 /* SupabaseService.swift */,
				AAAA00000000000000000204 /* AuthViewModel.swift */,
				AAAA00000000000000000205 /* AppViewModel.swift */,
				AAAA00000000000000000206 /* LoginView.swift */,
				AAAA00000000000000000207 /* DashboardView.swift */,
				AAAA00000000000000000208 /* TransactionFormView.swift */,
				AAAA00000000000000000209 /* SettingsView.swift */,
				AAAA0000000000000000020A /* TransactionRow.swift */,
				AAAA0000000000000000020E /* GroupSettingsView.swift */,
				AAAA0000000000000000020F /* NotificationManager.swift */,
				AAAA00000000000000000211 /* NetworkMonitor.swift */,
				AAAA00000000000000000210 /* SplitX.entitlements */,
				AAAA0000000000000000020B /* Assets.xcassets */,
				AAAA0000000000000000020C /* Info.plist */,
			);
			path = SplitX;
			sourceTree = "<group>";
		};
/* End PBXGroup section */

/* Begin PBXNativeTarget section */
		AAAA00000000000000000500 /* SplitX */ = {
			isa = PBXNativeTarget;
			buildConfigurationList = AAAA00000000000000000605 /* Build configuration list for PBXNativeTarget "SplitX" */;
			buildPhases = (
				AAAA00000000000000000302 /* Sources */,
				AAAA00000000000000000300 /* Frameworks */,
				AAAA00000000000000000301 /* Resources */,
			);
			buildRules = (
			);
			dependencies = (
			);
			name = SplitX;
			packageProductDependencies = (
				AAAA00000000000000000701 /* Supabase */,
			);
			productName = SplitX;
			productReference = AAAA0000000000000000020D /* SplitX.app */;
			productType = "com.apple.product-type.application";
		};
/* End PBXNativeTarget section */

/* Begin PBXProject section */
		AAAA00000000000000000501 /* Project object */ = {
			isa = PBXProject;
			attributes = {
				BuildIndependentTargetsInParallel = 1;
				LastSwiftUpdateCheck = 1500;
				LastUpgradeCheck = 1500;
				TargetAttributes = {
					AAAA00000000000000000500 = {
						CreatedOnToolsVersion = 15.0;
					};
				};
			};
			buildConfigurationList = AAAA00000000000000000604 /* Build configuration list for PBXProject "SplitX" */;
			compatibilityVersion = "Xcode 14.0";
			developmentRegion = en;
			hasScannedForEncodings = 0;
			knownRegions = (
				en,
				Base,
			);
			mainGroup = AAAA00000000000000000400;
			packageReferences = (
				AAAA00000000000000000700 /* XCRemoteSwiftPackageReference "supabase-swift" */,
			);
			productRefGroup = AAAA00000000000000000401 /* Products */;
			projectDirPath = "";
			projectRoot = "";
			targets = (
				AAAA00000000000000000500 /* SplitX */,
			);
		};
/* End PBXProject section */

/* Begin PBXResourcesBuildPhase section */
		AAAA00000000000000000301 /* Resources */ = {
			isa = PBXResourcesBuildPhase;
			buildActionMask = 2147483647;
			files = (
				3E5A45D52FFDF66A007146AF /* PrivacyInfo.xcprivacy in Resources */,
				3E5A45D62FFDF66A007146AF /* Products.storekit in Resources */,
				AAAA00000000000000000117 /* Assets.xcassets in Resources */,
			);
			runOnlyForDeploymentPostprocessing = 0;
		};
/* End PBXResourcesBuildPhase section */

/* Begin PBXSourcesBuildPhase section */
		AAAA00000000000000000302 /* Sources */ = {
			isa = PBXSourcesBuildPhase;
			buildActionMask = 2147483647;
			files = (
				AAAA0000000000000000010C /* SplitXApp.swift in Sources */,
				AAAA0000000000000000010D /* ContentView.swift in Sources */,
				AAAA0000000000000000010E /* Models.swift in Sources */,
				AAAA0000000000000000010F /* SupabaseService.swift in Sources */,
				AAAA00000000000000000110 /* AuthViewModel.swift in Sources */,
				AAAA00000000000000000111 /* AppViewModel.swift in Sources */,
				AAAA00000000000000000112 /* LoginView.swift in Sources */,
				AAAA00000000000000000113 /* DashboardView.swift in Sources */,
				3E5A45D72FFDF66A007146AF /* AdManager.swift in Sources */,
				3E5A45D82FFDF66A007146AF /* SubscriptionManager.swift in Sources */,
				3E5A45D92FFDF66A007146AF /* PaywallView.swift in Sources */,
				AAAA00000000000000000114 /* TransactionFormView.swift in Sources */,
				AAAA00000000000000000115 /* SettingsView.swift in Sources */,
				AAAA00000000000000000116 /* TransactionRow.swift in Sources */,
				AAAA00000000000000000119 /* GroupSettingsView.swift in Sources */,
				AAAA0000000000000000011A /* NotificationManager.swift in Sources */,
				AAAA0000000000000000011B /* NetworkMonitor.swift in Sources */,
			);
			runOnlyForDeploymentPostprocessing = 0;
		};
/* End PBXSourcesBuildPhase section */

/* Begin XCBuildConfiguration section */
		AAAA00000000000000000600 /* Debug */ = {
			isa = XCBuildConfiguration;
			buildSettings = {
				ALWAYS_SEARCH_USER_PATHS = NO;
				CLANG_ANALYZER_NONNULL = YES;
				CLANG_ANALYZER_NUMBER_OBJECT_CONVERSION = YES_AGGRESSIVE;
				CLANG_CXX_LANGUAGE_STANDARD = "gnu++20";
				CLANG_ENABLE_MODULES = YES;
				CLANG_ENABLE_OBJC_ARC = YES;
				CLANG_ENABLE_OBJC_WEAK = YES;
				CLANG_WARN_BLOCK_CAPTURE_AUTORELEASING = YES;
				CLANG_WARN_BOOL_CONVERSION = YES;
				CLANG_WARN_COMMA = YES;
				CLANG_WARN_CONSTANT_CONVERSION = YES;
				CLANG_WARN_DEPRECATED_OBJC_IMPLEMENTATIONS = YES;
				CLANG_WARN_DIRECT_OBJC_ISA_USAGE = YES_ERROR;
				CLANG_WARN_DOCUMENTATION_COMMENTS = YES;
				CLANG_WARN_EMPTY_BODY = YES;
				CLANG_WARN_ENUM_CONVERSION = YES;
				CLANG_WARN_INFINITE_RECURSION = YES;
				CLANG_WARN_INT_CONVERSION = YES;
				CLANG_WARN_NON_LITERAL_NULL_CONVERSION = YES;
				CLANG_WARN_OBJC_IMPLICIT_RETAIN_SELF = YES;
				CLANG_WARN_OBJC_LITERAL_CONVERSION = YES;
				CLANG_WARN_OBJC_ROOT_CLASS = YES_ERROR;
				CLANG_WARN_QUOTED_INCLUDE_IN_FRAMEWORK_HEADER = YES;
				CLANG_WARN_RANGE_LOOP_ANALYSIS = YES;
				CLANG_WARN_STRICT_PROTOTYPES = YES;
				CLANG_WARN_SUSPICIOUS_MOVE = YES;
				CLANG_WARN_UNGUARDED_AVAILABILITY = YES_AGGRESSIVE;
				CLANG_WARN_UNREACHABLE_CODE = YES;
				CLANG_WARN__DUPLICATE_METHOD_MATCH = YES;
				COPY_PHASE_STRIP = NO;
				DEBUG_INFORMATION_FORMAT = dwarf;
				ENABLE_STRICT_OBJC_MSGSEND = YES;
				ENABLE_TESTABILITY = YES;
				GCC_C_LANGUAGE_STANDARD = gnu17;
				GCC_DYNAMIC_NO_PIC = NO;
				GCC_NO_COMMON_BLOCKS = YES;
				GCC_OPTIMIZATION_LEVEL = 0;
				GCC_PREPROCESSOR_DEFINITIONS = (
					"DEBUG=1",
					"$(inherited)",
				);
				GCC_WARN_64_TO_32_BIT_CONVERSION = YES;
				GCC_WARN_ABOUT_RETURN_TYPE = YES_ERROR;
				GCC_WARN_UNDECLARED_SELECTOR = YES;
				GCC_WARN_UNINITIALIZED_AUTOS = YES_AGGRESSIVE;
				GCC_WARN_UNUSED_FUNCTION = YES;
				GCC_WARN_UNUSED_VARIABLE = YES;
				IPHONEOS_DEPLOYMENT_TARGET = 17.0;
				MTL_ENABLE_DEBUG_INFO = INCLUDE_SOURCE;
				MTL_FAST_MATH = YES;
				ONLY_ACTIVE_ARCH = YES;
				SDKROOT = iphoneos;
				SWIFT_ACTIVE_COMPILATION_CONDITIONS = DEBUG;
				SWIFT_EMIT_LOC_STRINGS = YES;
				SWIFT_OPTIMIZATION_LEVEL = "-Onone";
			};
			name = Debug;
		};
		AAAA00000000000000000601 /* Release */ = {
			isa = XCBuildConfiguration;
			buildSettings = {
				ALWAYS_SEARCH_USER_PATHS = NO;
				CLANG_ANALYZER_NONNULL = YES;
				CLANG_ANALYZER_NUMBER_OBJECT_CONVERSION = YES_AGGRESSIVE;
				CLANG_CXX_LANGUAGE_STANDARD = "gnu++20";
				CLANG_ENABLE_MODULES = YES;
				CLANG_ENABLE_OBJC_ARC = YES;
				CLANG_ENABLE_OBJC_WEAK = YES;
				COPY_PHASE_STRIP = NO;
				DEBUG_INFORMATION_FORMAT = "dwarf-with-dsym";
				ENABLE_NS_ASSERTIONS = NO;
				ENABLE_STRICT_OBJC_MSGSEND = YES;
				GCC_C_LANGUAGE_STANDARD = gnu17;
				GCC_NO_COMMON_BLOCKS = YES;
				GCC_WARN_64_TO_32_BIT_CONVERSION = YES;
				GCC_WARN_ABOUT_RETURN_TYPE = YES_ERROR;
				GCC_WARN_UNDECLARED_SELECTOR = YES;
				GCC_WARN_UNINITIALIZED_AUTOS = YES_AGGRESSIVE;
				GCC_WARN_UNUSED_FUNCTION = YES;
				GCC_WARN_UNUSED_VARIABLE = YES;
				IPHONEOS_DEPLOYMENT_TARGET = 17.0;
				MTL_FAST_MATH = YES;
				SDKROOT = iphoneos;
				SWIFT_COMPILATION_MODE = wholemodule;
				SWIFT_EMIT_LOC_STRINGS = YES;
				SWIFT_OPTIMIZATION_LEVEL = "-O";
				VALIDATE_PRODUCT = YES;
			};
			name = Release;
		};
		AAAA00000000000000000602 /* Debug */ = {
			isa = XCBuildConfiguration;
			buildSettings = {
				ASSETCATALOG_COMPILER_APPICON_NAME = AppIcon;
				ASSETCATALOG_COMPILER_GLOBAL_ACCENT_COLOR_NAME = AccentColor;
				ASSETCATALOG_COMPILER_INCLUDE_ALL_APPICON_ASSETS = YES;
				CODE_SIGN_ENTITLEMENTS = SplitX/SplitX.entitlements;
				CODE_SIGN_STYLE = Automatic;
				CURRENT_PROJECT_VERSION = 1;
				DEVELOPMENT_TEAM = 94PZKL85KB;
				ENABLE_PREVIEWS = YES;
				ENABLE_USER_SCRIPT_SANDBOXING = YES;
				GENERATE_INFOPLIST_FILE = NO;
				INFOPLIST_FILE = SplitX/Info.plist;
				INFOPLIST_KEY_CFBundleDisplayName = SplitX;
				INFOPLIST_KEY_LSApplicationCategoryType = "public.app-category.finance";
				INFOPLIST_KEY_UIApplicationSceneManifest_Generation = NO;
				INFOPLIST_KEY_UILaunchScreen_Generation = NO;
				INFOPLIST_KEY_UISupportedInterfaceOrientations_iPhone = UIInterfaceOrientationPortrait;
				LD_RUNPATH_SEARCH_PATHS = (
					"$(inherited)",
					"@executable_path/Frameworks",
				);
				MARKETING_VERSION = 1.1;
				PRODUCT_BUNDLE_IDENTIFIER = yourcompany.SharedExpenses;
				PRODUCT_NAME = "$(TARGET_NAME)";
				SWIFT_EMIT_LOC_STRINGS = YES;
				SWIFT_VERSION = 5.0;
				TARGETED_DEVICE_FAMILY = "1,2";
			};
			name = Debug;
		};
		AAAA00000000000000000603 /* Release */ = {
			isa = XCBuildConfiguration;
			buildSettings = {
				ASSETCATALOG_COMPILER_APPICON_NAME = AppIcon;
				ASSETCATALOG_COMPILER_GLOBAL_ACCENT_COLOR_NAME = AccentColor;
				ASSETCATALOG_COMPILER_INCLUDE_ALL_APPICON_ASSETS = YES;
				CODE_SIGN_ENTITLEMENTS = SplitX/SplitX.entitlements;
				CODE_SIGN_STYLE = Automatic;
				CURRENT_PROJECT_VERSION = 2;
				DEVELOPMENT_TEAM = 94PZKL85KB;
				ENABLE_PREVIEWS = YES;
				ENABLE_USER_SCRIPT_SANDBOXING = YES;
				GENERATE_INFOPLIST_FILE = NO;
				INFOPLIST_FILE = SplitX/Info.plist;
				INFOPLIST_KEY_CFBundleDisplayName = SplitX;
				INFOPLIST_KEY_LSApplicationCategoryType = "public.app-category.finance";
				INFOPLIST_KEY_UIApplicationSceneManifest_Generation = NO;
				INFOPLIST_KEY_UILaunchScreen_Generation = NO;
				INFOPLIST_KEY_UISupportedInterfaceOrientations_iPhone = UIInterfaceOrientationPortrait;
				LD_RUNPATH_SEARCH_PATHS = (
					"$(inherited)",
					"@executable_path/Frameworks",
				);
				MARKETING_VERSION = 1.1;
				PRODUCT_BUNDLE_IDENTIFIER = yourcompany.SharedExpenses;
				PRODUCT_NAME = "$(TARGET_NAME)";
				SWIFT_EMIT_LOC_STRINGS = YES;
				SWIFT_VERSION = 5.0;
				TARGETED_DEVICE_FAMILY = "1,2";
			};
			name = Release;
		};
/* End XCBuildConfiguration section */

/* Begin XCConfigurationList section */
		AAAA00000000000000000604 /* Build configuration list for PBXProject "SplitX" */ = {
			isa = XCConfigurationList;
			buildConfigurations = (
				AAAA00000000000000000600 /* Debug */,
				AAAA00000000000000000601 /* Release */,
			);
			defaultConfigurationIsVisible = 0;
			defaultConfigurationName = Release;
		};
		AAAA00000000000000000605 /* Build configuration list for PBXNativeTarget "SplitX" */ = {
			isa = XCConfigurationList;
			buildConfigurations = (
				AAAA00000000000000000602 /* Debug */,
				AAAA00000000000000000603 /* Release */,
			);
			defaultConfigurationIsVisible = 0;
			defaultConfigurationName = Release;
		};
/* End XCConfigurationList section */

/* Begin XCRemoteSwiftPackageReference section */
		AAAA00000000000000000700 /* XCRemoteSwiftPackageReference "supabase-swift" */ = {
			isa = XCRemoteSwiftPackageReference;
			repositoryURL = "https://github.com/supabase/supabase-swift";
			requirement = {
				kind = upToNextMajorVersion;
				minimumVersion = 2.0.0;
			};
		};
/* End XCRemoteSwiftPackageReference section */

/* Begin XCSwiftPackageProductDependency section */
		AAAA00000000000000000701 /* Supabase */ = {
			isa = XCSwiftPackageProductDependency;
			package = AAAA00000000000000000700 /* XCRemoteSwiftPackageReference "supabase-swift" */;
			productName = Supabase;
		};
/* End XCSwiftPackageProductDependency section */
	};
	rootObject = AAAA00000000000000000501 /* Project object */;
}
